
Microsoft Visual Studio Solution File, Format Version 11.00
# Visual Studio 2010
Project("{FAE04EC0-301F-11D3-BF4B-00C04F79EFBC}") = "Alice Project", "Assembly-CSharp.csproj", "{551DCDAE-6BDA-19FE-4269-8B9D571C88BF}"
EndProject
Global
	GlobalSection(SolutionConfigurationPlatforms) = preSolution
		Debug|Any CPU = Debug|Any CPU
		Release|Any CPU = Release|Any CPU
	EndGlobalSection
	GlobalSection(ProjectConfigurationPlatforms) = postSolution
		{551DCDAE-6BDA-19FE-4269-8B9D571C88BF}.Debug|Any CPU.ActiveCfg = Debug|Any CPU
		{551DCDAE-6BDA-19FE-4269-8B9D571C88BF}.Debug|Any CPU.Build.0 = Debug|Any CPU
		{551DCDAE-6BDA-19FE-4269-8B9D571C88BF}.Release|Any CPU.ActiveCfg = Release|Any CPU
		{551DCDAE-6BDA-19FE-4269-8B9D571C88BF}.Release|Any CPU.Build.0 = Release|Any CPU
	EndGlobalSection
	GlobalSection(SolutionProperties) = preSolution
		HideSolutionNode = FALSE
	EndGlobalSection
	GlobalSection(MonoDevelopProperties) = preSolution
		StartupItem = Assembly-CSharp.csproj
	EndGlobalSection
EndGlobal
